
Microsoft Visual Studio Solution File, Format Version 12.00
# Visual Studio Version 17
VisualStudioVersion = 17.13.35825.156 d17.13
MinimumVisualStudioVersion = 10.0.40219.1
Project("{FAE04EC0-301F-11D3-BF4B-00C04F79EFBC}") = "Hotel_management_system", "Hotel_management_system.csproj", "{A9BB0860-A029-497F-A2D5-65B516BE1C05}"
EndProject
Project("{FAE04EC0-301F-11D3-BF4B-00C04F79EFBC}") = "BLL", "..\BLL\BLL.csproj", "{282AB96B-5AB8-4F06-9CEB-305F79B6D0AA}"
EndProject
Project("{FAE04EC0-301F-11D3-BF4B-00C04F79EFBC}") = "DAL", "..\DAL\DAL.csproj", "{1AAEC41E-E122-4B38-903F-59746FFF088E}"
EndProject
Global
	GlobalSection(SolutionConfigurationPlatforms) = preSolution
		Debug|Any CPU = Debug|Any CPU
		Release|Any CPU = Release|Any CPU
	EndGlobalSection
	GlobalSection(ProjectConfigurationPlatforms) = postSolution
		{A9BB0860-A029-497F-A2D5-65B516BE1C05}.Debug|Any CPU.ActiveCfg = Debug|Any CPU
		{A9BB0860-A029-497F-A2D5-65B516BE1C05}.Debug|Any CPU.Build.0 = Debug|Any CPU
		{A9BB0860-A029-497F-A2D5-65B516BE1C05}.Release|Any CPU.ActiveCfg = Release|Any CPU
		{A9BB0860-A029-497F-A2D5-65B516BE1C05}.Release|Any CPU.Build.0 = Release|Any CPU
		{282AB96B-5AB8-4F06-9CEB-305F79B6D0AA}.Debug|Any CPU.ActiveCfg = Debug|Any CPU
		{282AB96B-5AB8-4F06-9CEB-305F79B6D0AA}.Debug|Any CPU.Build.0 = Debug|Any CPU
		{282AB96B-5AB8-4F06-9CEB-305F79B6D0AA}.Release|Any CPU.ActiveCfg = Release|Any CPU
		{282AB96B-5AB8-4F06-9CEB-305F79B6D0AA}.Release|Any CPU.Build.0 = Release|Any CPU
		{1AAEC41E-E122-4B38-903F-59746FFF088E}.Debug|Any CPU.ActiveCfg = Debug|Any CPU
		{1AAEC41E-E122-4B38-903F-59746FFF088E}.Debug|Any CPU.Build.0 = Debug|Any CPU
		{1AAEC41E-E122-4B38-903F-59746FFF088E}.Release|Any CPU.ActiveCfg = Release|Any CPU
		{1AAEC41E-E122-4B38-903F-59746FFF088E}.Release|Any CPU.Build.0 = Release|Any CPU
	EndGlobalSection
	GlobalSection(SolutionProperties) = preSolution
		HideSolutionNode = FALSE
	EndGlobalSection
	GlobalSection(ExtensibilityGlobals) = postSolution
		SolutionGuid = {28668009-5FD7-4D70-8ED5-044EA2BE33DD}
	EndGlobalSection
EndGlobal
